set_global_assignment -name FAMILY "Agilex 7"
set_global_assignment -name DEVICE AGFB027R25A2E2V
set_global_assignment -name TOP_LEVEL_ENTITY ahls_memory_dma_fabric
set_global_assignment -name PWRMGT_VOLTAGE_OUTPUT_FORMAT "LINEAR FORMAT"
set_global_assignment -name PWRMGT_LINEAR_FORMAT_N "-12"
set_global_assignment -name LAST_QUARTUS_VERSION "25.1.0 Pro Edition"
set_global_assignment -name IP_FILE ip/ahls_memory_dma_fabric/ahls_memory_dma_fabric_fabric.ip
set_global_assignment -name QSYS_FILE ahls_memory_dma_fabric.qsys
