set_global_assignment -name MISC_FILE "/home/uwb_student00/ahls/new_BSP/work_examples_afu01/sources/clocks/hw/rtl/clock_freq_uClk_auto.json"
set_global_assignment -name SYSTEMVERILOG_FILE "/home/uwb_student00/ahls/new_BSP/work_examples_afu01/sources/clocks/hw/rtl/ofs_plat_afu.sv"
set_global_assignment -name SYSTEMVERILOG_FILE "/home/uwb_student00/ahls/new_BSP/work_examples_afu01/sources/clocks/hw/rtl/clock_counter.sv"
set_global_assignment -name SDC_FILE "/home/uwb_student00/ahls/new_BSP/work_examples_afu01/sources/clocks/hw/par/clock_counter.sdc"
