set_global_assignment -name FAMILY "Agilex 7"
set_global_assignment -name DEVICE AGFB027R25A2E2V
set_global_assignment -name TOP_LEVEL_ENTITY ia840f_ahls_memory_core
set_global_assignment -name PROJECT_OUTPUT_DIRECTORY output_files
set_global_assignment -name NUM_PARALLEL_PROCESSORS 2
set_global_assignment -name PWRMGT_VOLTAGE_OUTPUT_FORMAT "LINEAR FORMAT"
set_global_assignment -name PWRMGT_LINEAR_FORMAT_N "-12"
set_global_assignment -name SEARCH_PATH rtl
set_global_assignment -name QIP_FILE "generated/ahls_memory_dma_fabric/ahls_memory_dma_fabric.qip"
set_global_assignment -name QIP_FILE "generated/ip/ahls_memory_dma_fabric/ahls_memory_dma_fabric_fabric/ahls_memory_dma_fabric_fabric.qip"
set_global_assignment -name SYSTEMVERILOG_FILE "rtl/component_platform_pkg.sv"
set_global_assignment -name SYSTEMVERILOG_FILE "rtl/ofs_plat_log_pkg.sv"
set_global_assignment -name SYSTEMVERILOG_FILE "rtl/ofs_plat_axi_mem_pkg.sv"
set_global_assignment -name SYSTEMVERILOG_FILE "rtl/ofs_plat_axi_mem_if.sv"
set_global_assignment -name SYSTEMVERILOG_FILE "rtl/ofs_plat_axi_mem_lite_if.sv"
set_global_assignment -name SYSTEMVERILOG_FILE "rtl/dma_pkg.sv"
set_global_assignment -name SYSTEMVERILOG_FILE "rtl/dma_fifo_if.sv"
set_global_assignment -name SYSTEMVERILOG_FILE "rtl/ofs_plat_prim_fifo_bram.sv"
set_global_assignment -name SYSTEMVERILOG_FILE "rtl/ofs_plat_prim_fifo2.sv"
set_global_assignment -name SYSTEMVERILOG_FILE "rtl/ofs_plat_prim_ready_enable_skid.sv"
set_global_assignment -name SYSTEMVERILOG_FILE "rtl/ofs_plat_axi_mem_if_connect.sv"
set_global_assignment -name SYSTEMVERILOG_FILE "rtl/ofs_plat_axi_mem_if_reg.sv"
set_global_assignment -name SYSTEMVERILOG_FILE "rtl/dma_read_engine.sv"
set_global_assignment -name SYSTEMVERILOG_FILE "rtl/dma_write_engine.sv"
set_global_assignment -name SYSTEMVERILOG_FILE "rtl/dma_engine.sv"
set_global_assignment -name SYSTEMVERILOG_FILE "rtl/dma_ddr_selector.sv"
set_global_assignment -name SYSTEMVERILOG_FILE "rtl/dma_axi_mm_mux.sv"
set_global_assignment -name SYSTEMVERILOG_FILE "rtl/csr_mgr.sv"
set_global_assignment -name SYSTEMVERILOG_FILE "rtl/dma_top.sv"
set_global_assignment -name SYSTEMVERILOG_FILE "rtl/ia840f_ahls_memory_core.sv"
