set_global_assignment -name MISC_FILE "/home/uwb_student00/ahls/new_BSP/work_examples_afu01/sources/local_memory/hw/rtl/hello_mem_afu.json"
set_global_assignment -name SYSTEMVERILOG_FILE "/home/uwb_student00/ahls/new_BSP/work_examples_afu01/sources/local_memory/hw/rtl/common/hello_mem_afu.sv"
set_global_assignment -name SYSTEMVERILOG_FILE "/home/uwb_student00/ahls/new_BSP/work_examples_afu01/sources/local_memory/hw/rtl/common/mem_csr.sv"
set_global_assignment -name SYSTEMVERILOG_FILE "/home/uwb_student00/ahls/new_BSP/work_examples_afu01/sources/local_memory/hw/rtl/common/mem_fsm.sv"
set_global_assignment -name SYSTEMVERILOG_FILE "/home/uwb_student00/ahls/new_BSP/work_examples_afu01/sources/local_memory/hw/rtl/avalon/ofs_plat_afu.sv"
set_global_assignment -name SYSTEMVERILOG_FILE "/home/uwb_student00/ahls/new_BSP/work_examples_afu01/sources/local_memory/hw/rtl/avalon/afu_top.sv"
