set_global_assignment -name MISC_FILE "/home/uwb_student00/ahls/new_BSP/work_examples_afu01/sources_dma_fix73/dma/hw/rtl/dma.json"
set_global_assignment -name SYSTEMVERILOG_FILE "/home/uwb_student00/ahls/new_BSP/work_examples_afu01/sources_dma_fix73/dma/hw/rtl/ofs_plat_afu.sv"
set_global_assignment -name SYSTEMVERILOG_FILE "/home/uwb_student00/ahls/new_BSP/work_examples_afu01/sources_dma_fix73/dma/hw/rtl/dma_pkg.sv"
set_global_assignment -name SYSTEMVERILOG_FILE "/home/uwb_student00/ahls/new_BSP/work_examples_afu01/sources_dma_fix73/dma/hw/rtl/dma_fifo_if.sv"
set_global_assignment -name SYSTEMVERILOG_FILE "/home/uwb_student00/ahls/new_BSP/work_examples_afu01/sources_dma_fix73/dma/hw/rtl/dma_top.sv"
set_global_assignment -name SYSTEMVERILOG_FILE "/home/uwb_student00/ahls/new_BSP/work_examples_afu01/sources_dma_fix73/dma/hw/rtl/csr_mgr.sv"
set_global_assignment -name SYSTEMVERILOG_FILE "/home/uwb_student00/ahls/new_BSP/work_examples_afu01/sources_dma_fix73/dma/hw/rtl/dma_read_engine.sv"
set_global_assignment -name SYSTEMVERILOG_FILE "/home/uwb_student00/ahls/new_BSP/work_examples_afu01/sources_dma_fix73/dma/hw/rtl/dma_write_engine.sv"
set_global_assignment -name SYSTEMVERILOG_FILE "/home/uwb_student00/ahls/new_BSP/work_examples_afu01/sources_dma_fix73/dma/hw/rtl/dma_engine.sv"
set_global_assignment -name SYSTEMVERILOG_FILE "/home/uwb_student00/ahls/new_BSP/work_examples_afu01/sources_dma_fix73/dma/hw/rtl/dma_axi_mm_mux.sv"
set_global_assignment -name SYSTEMVERILOG_FILE "/home/uwb_student00/ahls/new_BSP/work_examples_afu01/sources_dma_fix73/dma/hw/rtl/dma_ddr_selector.sv"
