set_global_assignment -name FAMILY "Agilex 7"
set_global_assignment -name DEVICE AGFB027R25A2E2V
set_global_assignment -name TOP_LEVEL_ENTITY ahls_memory_fabric
set_global_assignment -name PROJECT_OUTPUT_DIRECTORY output_files
set_global_assignment -name NUM_PARALLEL_PROCESSORS 2
set_global_assignment -name PWRMGT_VOLTAGE_OUTPUT_FORMAT "LINEAR FORMAT"
set_global_assignment -name PWRMGT_LINEAR_FORMAT_N "-12"
set_global_assignment -name QIP_FILE "generated/ahls_memory_fabric/ahls_memory_fabric.qip"
set_global_assignment -name QIP_FILE "generated/ip/ahls_memory_fabric/ahls_memory_fabric_fabric/ahls_memory_fabric_fabric.qip"
