# Source-only board candidate; legacy LAST_QUARTUS_VERSION is provenance, not qualification.
set_global_assignment -name SOURCE_TCL_SCRIPT_FILE ../setup/build_gate.tcl
# Copyright (C) 2021-2023 Intel Corporation
# SPDX-License-Identifier: MIT

############################################################################################
# FPGA Device
############################################################################################

set_global_assignment -name FAMILY "Agilex 7"
set_global_assignment -name DEVICE AGFB027R25A2E2V

set_global_assignment -name MIN_CORE_JUNCTION_TEMP 0
set_global_assignment -name MAX_CORE_JUNCTION_TEMP 100
set_global_assignment -name STRATIX_DEVICE_IO_STANDARD "1.2 V"

set_global_assignment -name ERROR_CHECK_FREQUENCY_DIVISOR 256
#set_global_assignment -name RESERVE_DATA0_AFTER_CONFIGURATION "USE AS REGULAR IO" #Commented out as not in 840f
#todo:
set_global_assignment -name PRESERVE_UNUSED_XCVR_CHANNEL ON

############################################################################################
# Synthesis Options
############################################################################################
set_global_assignment -name TOP_LEVEL_ENTITY top
set_global_assignment -name PROJECT_OUTPUT_DIRECTORY output_files
set_global_assignment -name OPTIMIZATION_TECHNIQUE SPEED
set_global_assignment -name OPTIMIZE_POWER_DURING_SYNTHESIS OFF
set_global_assignment -name OPTIMIZE_POWER_DURING_FITTING OFF
set_global_assignment -name ALLOW_REGISTER_RETIMING ON
set_global_assignment -name ROUTER_TIMING_OPTIMIZATION_LEVEL MAXIMUM
set_global_assignment -name SYNTH_TIMING_DRIVEN_SYNTHESIS ON
set_global_assignment -name MUX_RESTRUCTURE ON

set_global_assignment -name REMOVE_DUPLICATE_REGISTERS OFF -to rst_n_sys_afu
set_global_assignment -name REMOVE_DUPLICATE_REGISTERS OFF -to rst_n_sys_mem
set_global_assignment -name REMOVE_DUPLICATE_REGISTERS OFF -to rst_n_sys_pcie

set_global_assignment -name LAST_QUARTUS_VERSION "26.1.1 Pro Edition"

set_global_assignment -name FLOW_DISABLE_ASSEMBLER OFF
set_global_assignment -name FLOW_ENABLE_INTERACTIVE_TIMING_ANALYZER OFF
set_global_assignment -name SEED 2

############################################################################################
# PWR MGMT
############################################################################################
# todo
set_global_assignment -name PWRMGT_DEVICE_ADDRESS_IN_PMBUS_SLAVE_MODE 01
set_global_assignment -name VID_OPERATION_MODE "PMBUS SLAVE"
#set_global_assignment -name PWRMGT_BUS_SPEED_MODE "100 KHZ" #Commented out as not in 840f
set_global_assignment -name PWRMGT_VOLTAGE_OUTPUT_FORMAT "LINEAR FORMAT"
set_global_assignment -name PWRMGT_LINEAR_FORMAT_N "-12"

############################################################################################
# Configuration Interface
############################################################################################
# todo
#set_global_assignment -name AUTO_RESTART_CONFIGURATION OFF
#set_global_assignment -name ENABLE_CONFIGURATION_PINS OFF
#set_global_assignment -name ENABLE_BOOT_SEL_PIN OFF
set_global_assignment -name STRATIXV_CONFIGURATION_SCHEME "ACTIVE SERIAL X4"
#set_global_assignment -name USE_CONFIGURATION_DEVICE OFF
#set_global_assignment -name STRATIXII_CONFIGURATION_DEVICE AUTO
#set_global_assignment -name GENERATE_PR_RBF_FILE ON
set_global_assignment -name ENABLE_ED_CRC_CHECK ON
set_global_assignment -name MINIMUM_SEU_INTERVAL 0
#set_global_assignment -name MINIMUM_SEU_INTERVAL 479
#set_global_assignment -name ACTIVE_SERIAL_CLOCK AS_FREQ_100MHZ # Setting for Agilex DevKit
#set_global_assignment -name ACTIVE_SERIAL_CLOCK AS_FREQ_115MHZ_IOSC
set_global_assignment -name DEVICE_INITIALIZATION_CLOCK OSC_CLK_1_125MHZ
#set_global_assignment -name DEVICE_INITIALIZATION_CLOCK OSC_CLK_1_25MHZ
#set_global_assignment -name DEVICE_INITIALIZATION_CLOCK INIT_INTOSC
set_global_assignment -name USE_PWRMGT_SCL SDM_IO14
set_global_assignment -name USE_PWRMGT_SDA SDM_IO11
set_global_assignment -name USE_CONF_DONE SDM_IO16
set_global_assignment -name USE_PWRMGT_ALERT SDM_IO12
set_global_assignment -name USE_INIT_DONE SDM_IO0
#set_global_assignment -name USE_NCATTRIP SDM_IO9
#set_global_assignment -name USE_HPS_COLD_RESET SDM_IO7
#set_global_assignment -name HPS_INITIALIZATION "AFTER INIT_DONE"
#set_global_assignment -name HPS_DAP_SPLIT_MODE "HPS PINS"
#set_global_assignment -name HPS_DAP_SPLIT_MODE "SDM PINS"
#set_global_assignment -name HPS_DAP_NO_CERTIFICATE on
set_global_assignment -name GENERATE_RBF_FILE ON

set_global_assignment -name GENERATE_COMPRESSED_SOF ON

#840F section
set_global_assignment -name SDM_DIRECT_TO_FACTORY_IMAGE SDM_IO13

############################################################################################
# Verilog Macros
############################################################################################
set_global_assignment -name VERILOG_MACRO "INCLUDE_USER_CLK"
set_global_assignment -name VERILOG_MACRO "DDR4_NUM_MEM_GROUPS=2"
set_global_assignment -name VERILOG_MACRO "INCLUDE_IA840F"
set_global_assignment -name VERILOG_MACRO "INCLUDE_DDR4"             # Includes the MEM SS and the AXI-MM datapath
#PMCI IP is removed in IA-840F port as not supported and access will be provided via separate BittWare BMC subsystem IP. 
#set_global_assignment -name VERILOG_MACRO "INCLUDE_PMCI"             # Includes PMCI SS in the fim
set_global_assignment -name VERILOG_MACRO "INCLUDE_PR"               # INCLUDE_PR removes PR IP instatiation in port_gasket. To disable PR, remove INCLUDE_PR & pr_assignments.tcl from .qsf  
#set_global_assignment -name VERILOG_MACRO "INCLUDE_HSSI"             # Includes HSSI SS and HE-HSSI logic into the design
set_global_assignment -name VERILOG_MACRO "DISABLE_HE_HSSI_CRC"      # Disables CRC generation from HE-HSSI traffic generation
set_global_assignment -name VERILOG_MACRO "INCLUDE_PCIE_SS"          # Instantiates the PCIE SS (Gen4) when enabled, else instantiates PCIE Gen3 (should only be disabled in unit test sim only).   
set_global_assignment -name VERILOG_MACRO "INCLUDE_REMOTE_STP"       # Includes Remote SignalTap support in PR Region
#set_global_assignment -name VERILOG_MACRO "INCLUDE_HPS"              # Includes Hard Processor System in the fim
#set_global_assignment -name VERILOG_MACRO "INCLUDE_UART"             # Includes Soft UART accessible from PCIe

# Compile time Verilog Macros
set_global_assignment -name SOURCE_TCL_SCRIPT_FILE ../../../shared_config/compile_flags.tcl

############################################################################################
# Design Files
############################################################################################

# Ensure that variables such as BUILD_ROOT_REL are set (must be relative)
set_global_assignment -name SOURCE_TCL_SCRIPT_FILE ../setup/config_env.tcl

# RTL and IP files use BUILD_ROOT_REL env variable, which is set only after config_env.tcl is evaluated. 
# Move global assignment into separate tcl file to ensure availability of BUILD_ROOT_REL after evaluation.
set_global_assignment -name SOURCE_TCL_SCRIPT_FILE ofs_top_sources.tcl


############################################################################################
# VAB Assignments 
############################################################################################
set_global_assignment -name ENABLE_MULTI_AUTHORITY ON
set_global_assignment -name TDC_AGGRESSIVE_HOLD_CLOSURE_EFFORT ON
set_global_assignment -name OPTIMIZATION_MODE "HIGH PERFORMANCE EFFORT" -comment "Use High Performance Effort optimization mode when optimizing for performance. Superior Performance with Maximum Placement Effort optimization mode has been deprecated and will be removed in 27.1.1."
set_global_assignment -name GLOBAL_PLACEMENT_EFFORT "MAXIMUM EFFORT"

# Work17: retain intermediate snapshots for exact EMIF path-stage diagnosis.
set_global_assignment -name ENABLE_INTERMEDIATE_SNAPSHOTS ON

# Work18: exact EMIF1 bit243 retiming restriction; original signoff retained.
set_instance_assignment -name ALLOW_REGISTER_RETIMING OFF -to {local_mem_wrapper|mem_ss_top|mem_ss_sv|mem_ss|mem_ss|emif_1|emif_1|arch|arch_inst|hmc.amm.amm.data_if_inst|amm_writedata_0_r[0][243]}

# Migration resource policy: full verified workstation affinity.
set_global_assignment -name NUM_PARALLEL_PROCESSORS 36
