set_global_assignment -name MISC_FILE "/home/uwb_student00/ahls/new_BSP/work_examples_afu_debug01/sources_cap27/copy_engine/hw/rtl/copy_engine.json"
set_global_assignment -name SYSTEMVERILOG_FILE "/home/uwb_student00/ahls/new_BSP/work_examples_afu_debug01/sources_cap27/copy_engine/hw/rtl/ia840f_host_packet_cap.sv"
set_global_assignment -name SYSTEMVERILOG_FILE "/home/uwb_student00/ahls/new_BSP/work_examples_afu_debug01/sources_cap27/copy_engine/hw/rtl/ofs_plat_afu_cap.sv"
set_global_assignment -name SYSTEMVERILOG_FILE "/home/uwb_student00/ahls/new_BSP/work_examples_afu_debug01/sources_cap27/copy_engine/hw/rtl/copy_engine_pkg.sv"
set_global_assignment -name SYSTEMVERILOG_FILE "/home/uwb_student00/ahls/new_BSP/work_examples_afu_debug01/sources_cap27/copy_engine/hw/rtl/copy_engine_top.sv"
set_global_assignment -name SYSTEMVERILOG_FILE "/home/uwb_student00/ahls/new_BSP/work_examples_afu_debug01/sources_cap27/copy_engine/hw/rtl/copy_read_engine.sv"
set_global_assignment -name SYSTEMVERILOG_FILE "/home/uwb_student00/ahls/new_BSP/work_examples_afu_debug01/sources_cap27/copy_engine/hw/rtl/copy_write_engine.sv"
set_global_assignment -name SYSTEMVERILOG_FILE "/home/uwb_student00/ahls/new_BSP/work_examples_afu_debug01/sources_cap27/copy_engine/hw/rtl/copy_write_engine_core.sv"
set_global_assignment -name SYSTEMVERILOG_FILE "/home/uwb_student00/ahls/new_BSP/work_examples_afu_debug01/sources_cap27/copy_engine/hw/rtl/csr_mgr.sv"
set_global_assignment -name SYSTEMVERILOG_FILE "/home/uwb_student00/ahls/new_BSP/work_examples_afu_debug01/sources_cap27/copy_engine/hw/rtl/counter_multicycle.sv"
set_global_assignment -name SYSTEMVERILOG_FILE "/home/uwb_student00/ahls/new_BSP/work_examples_afu_debug01/sources_cap27/copy_engine/hw/rtl/data_stream_engine.sv"
