set_global_assignment -name MISC_FILE "/home/uwb_student00/ahls/new_BSP/work_examples_afu01/sources/hello_world/hw/rtl/hello_world.json"
set_global_assignment -name SYSTEMVERILOG_FILE "/home/uwb_student00/ahls/new_BSP/work_examples_afu01/sources/hello_world/hw/rtl/axi/ofs_plat_afu.sv"
set_global_assignment -name SYSTEMVERILOG_FILE "/home/uwb_student00/ahls/new_BSP/work_examples_afu01/sources/hello_world/hw/rtl/axi/hello_world_axi.sv"
