set_global_assignment -name SEARCH_PATH "/home/uwb_student00/ahls/new_BSP/work_ahls_persona_work21_csr02/setup01/afu_sources/afu"
set_global_assignment -name MISC_FILE "/home/uwb_student00/ahls/new_BSP/work_ahls_persona_work21_csr02/setup01/afu_sources/ia840f_ahls_memory.json"
set_global_assignment -name SYSTEMVERILOG_FILE "/home/uwb_student00/ahls/new_BSP/work_ahls_persona_work21_csr02/setup01/afu_sources/afu/dma_pkg.sv"
set_global_assignment -name SYSTEMVERILOG_FILE "/home/uwb_student00/ahls/new_BSP/work_ahls_persona_work21_csr02/setup01/afu_sources/afu/dma_fifo_if.sv"
set_global_assignment -name SYSTEMVERILOG_FILE "/home/uwb_student00/ahls/new_BSP/work_ahls_persona_work21_csr02/setup01/afu_sources/afu/dma_engine.sv"
set_global_assignment -name SYSTEMVERILOG_FILE "/home/uwb_student00/ahls/new_BSP/work_ahls_persona_work21_csr02/setup01/afu_sources/afu/dma_read_engine.sv"
set_global_assignment -name SYSTEMVERILOG_FILE "/home/uwb_student00/ahls/new_BSP/work_ahls_persona_work21_csr02/setup01/afu_sources/afu/dma_write_engine.sv"
set_global_assignment -name SYSTEMVERILOG_FILE "/home/uwb_student00/ahls/new_BSP/work_ahls_persona_work21_csr02/setup01/afu_sources/afu/dma_top.sv"
set_global_assignment -name SYSTEMVERILOG_FILE "/home/uwb_student00/ahls/new_BSP/work_ahls_persona_work21_csr02/setup01/afu_sources/afu/dma_axi_mm_mux.sv"
set_global_assignment -name SYSTEMVERILOG_FILE "/home/uwb_student00/ahls/new_BSP/work_ahls_persona_work21_csr02/setup01/afu_sources/afu/dma_ddr_selector.sv"
set_global_assignment -name SYSTEMVERILOG_FILE "/home/uwb_student00/ahls/new_BSP/work_ahls_persona_work21_csr02/setup01/afu_sources/afu/csr_mgr.sv"
set_global_assignment -name SYSTEMVERILOG_FILE "/home/uwb_student00/ahls/new_BSP/work_ahls_persona_work21_csr02/setup01/afu_sources/afu/ia840f_ahls_memory_core.sv"
set_global_assignment -name SYSTEMVERILOG_FILE "/home/uwb_student00/ahls/new_BSP/work_ahls_persona_work21_csr02/setup01/afu_sources/afu/ofs_plat_afu.sv"
set_global_assignment -name SYSTEMVERILOG_FILE "/home/uwb_student00/ahls/new_BSP/work_ahls_persona_work21_csr02/setup01/afu_sources/afu/ia840f_ahls_memory_bank_shim.sv"
set_global_assignment -name SYSTEMVERILOG_FILE "/home/uwb_student00/ahls/new_BSP/work_ahls_persona_work21_csr02/setup01/afu_sources/afu/ia840f_ahls_mmio_guard.sv"
set_global_assignment -name QIP_FILE "/home/uwb_student00/ahls/new_BSP/work_ahls_persona_work21_csr02/setup01/afu_sources/generated/ahls_memory_dma_fabric/ahls_memory_dma_fabric.qip"
set_global_assignment -name QIP_FILE "/home/uwb_student00/ahls/new_BSP/work_ahls_persona_work21_csr02/setup01/afu_sources/generated/ip/ahls_memory_dma_fabric/ahls_memory_dma_fabric_fabric/ahls_memory_dma_fabric_fabric.qip"
